
Microsoft Visual Studio Solution File, Format Version 12.00
# Visual Studio 15
VisualStudioVersion = 15.0.28010.2019
MinimumVisualStudioVersion = 10.0.40219.1
Project("{FAE04EC0-301F-11D3-BF4B-00C04F79EFBC}") = "StringCompression", "StringCompression\StringCompression.csproj", "{468B2723-CD1D-47B1-BA86-853985606E52}"
EndProject
Global
	GlobalSection(SolutionConfigurationPlatforms) = preSolution
		Debug|Any CPU = Debug|Any CPU
		Release|Any CPU = Release|Any CPU
	EndGlobalSection
	GlobalSection(ProjectConfigurationPlatforms) = postSolution
		{468B2723-CD1D-47B1-BA86-853985606E52}.Debug|Any CPU.ActiveCfg = Debug|Any CPU
		{468B2723-CD1D-47B1-BA86-853985606E52}.Debug|Any CPU.Build.0 = Debug|Any CPU
		{468B2723-CD1D-47B1-BA86-853985606E52}.Release|Any CPU.ActiveCfg = Release|Any CPU
		{468B2723-CD1D-47B1-BA86-853985606E52}.Release|Any CPU.Build.0 = Release|Any CPU
	EndGlobalSection
	GlobalSection(SolutionProperties) = preSolution
		HideSolutionNode = FALSE
	EndGlobalSection
	GlobalSection(ExtensibilityGlobals) = postSolution
		SolutionGuid = {8F802EC3-4346-4E1B-A593-D5468B49E448}
	EndGlobalSection
EndGlobal
